// !$*UTF8*$!
{
	archiveVersion = 1;
	classes = {
	};
	objectVersion = 50;
	objects = {

/* Begin PBXBuildFile section */
		0E4728152B058CB600240361 /* Coordinator.swift in Sources */ = {isa = PBXBuildFile; fileRef = 0E4728142B058CB600240361 /* Coordinator.swift */; };
		0E4728172B058D9800240361 /* LoginCoordinator.swift in Sources */ = {isa = PBXBuildFile; fileRef = 0E4728162B058D9800240361 /* LoginCoordinator.swift */; };
		0E47281A2B05923800240361 /* LoginViewController.swift in Sources */ = {isa = PBXBuildFile; fileRef = 0E4728192B05923800240361 /* LoginViewController.swift */; };
		0E7F152B2B62FCBD00365A39 /* ViewInputOutputDefault.swift in Sources */ = {isa = PBXBuildFile; fileRef = 0E7F152A2B62FCBD00365A39 /* ViewInputOutputDefault.swift */; };
		0E7F152E2B631B0C00365A39 /* Color+.swift in Sources */ = {isa = PBXBuildFile; fileRef = 0E7F152D2B631B0C00365A39 /* Color+.swift */; };
		0E8751BF2B607D7D001CDE6D /* HomeViewController.swift in Sources */ = {isa = PBXBuildFile; fileRef = 0E8751BE2B607D7D001CDE6D /* HomeViewController.swift */; };
		0E8751C12B607D8A001CDE6D /* HomeView.swift in Sources */ = {isa = PBXBuildFile; fileRef = 0E8751C02B607D8A001CDE6D /* HomeView.swift */; };
		0E8A01072B6710AA0014EDCA /* CategoryModel.swift in Sources */ = {isa = PBXBuildFile; fileRef = 0E8A01062B6710AA0014EDCA /* CategoryModel.swift */; };
		0E8A01092B6719A40014EDCA /* CategoryViewModel.swift in Sources */ = {isa = PBXBuildFile; fileRef = 0E8A01082B6719A40014EDCA /* CategoryViewModel.swift */; };
		0E8A010B2B671BF40014EDCA /* String+.swift in Sources */ = {isa = PBXBuildFile; fileRef = 0E8A010A2B671BF40014EDCA /* String+.swift */; };
		0E8A010D2B671F6B0014EDCA /* TransactionModel.swift in Sources */ = {isa = PBXBuildFile; fileRef = 0E8A010C2B671F6B0014EDCA /* TransactionModel.swift */; };
		0E8A010F2B6720160014EDCA /* TransactionViewModel.swift in Sources */ = {isa = PBXBuildFile; fileRef = 0E8A010E2B6720160014EDCA /* TransactionViewModel.swift */; };
		0E8EDDD42B0529DE0059B3C9 /* AppDelegate.swift in Sources */ = {isa = PBXBuildFile; fileRef = 0E8EDDD32B0529DE0059B3C9 /* AppDelegate.swift */; };
		0E8EDDD62B0529DE0059B3C9 /* SceneDelegate.swift in Sources */ = {isa = PBXBuildFile; fileRef = 0E8EDDD52B0529DE0059B3C9 /* SceneDelegate.swift */; };
		0E8EDDDD2B0529E00059B3C9 /* Assets.xcassets in Resources */ = {isa = PBXBuildFile; fileRef = 0E8EDDDC2B0529E00059B3C9 /* Assets.xcassets */; };
		0E8EDDE02B0529E00059B3C9 /* LaunchScreen.storyboard in Resources */ = {isa = PBXBuildFile; fileRef = 0E8EDDDE2B0529E00059B3C9 /* LaunchScreen.storyboard */; };
		0E8EDDEB2B0529E00059B3C9 /* MeusGastosTests.swift in Sources */ = {isa = PBXBuildFile; fileRef = 0E8EDDEA2B0529E00059B3C9 /* MeusGastosTests.swift */; };
		0E8EDDF62B0529E00059B3C9 /* MeusGastosUITests.swift in Sources */ = {isa = PBXBuildFile; fileRef = 0E8EDDF52B0529E00059B3C9 /* MeusGastosUITests.swift */; };
		0E901DBD2B572917000B6A04 /* ViewControllerDefault.swift in Sources */ = {isa = PBXBuildFile; fileRef = 0E901DBC2B572917000B6A04 /* ViewControllerDefault.swift */; };
		0E901DBF2B573A8D000B6A04 /* RegisterCoordinator.swift in Sources */ = {isa = PBXBuildFile; fileRef = 0E901DBE2B573A8D000B6A04 /* RegisterCoordinator.swift */; };
		0E901DC22B573BBA000B6A04 /* RegisterViewController.swift in Sources */ = {isa = PBXBuildFile; fileRef = 0E901DC12B573BBA000B6A04 /* RegisterViewController.swift */; };
		0E901DC42B573C4D000B6A04 /* RegisterView.swift in Sources */ = {isa = PBXBuildFile; fileRef = 0E901DC32B573C4D000B6A04 /* RegisterView.swift */; };
		0EA1AC042B55E31100812FC6 /* LabelDefault.swift in Sources */ = {isa = PBXBuildFile; fileRef = 0EA1AC032B55E31100812FC6 /* LabelDefault.swift */; };
		0EA1AC0C2B55FA2900812FC6 /* ButtonDefault.swift in Sources */ = {isa = PBXBuildFile; fileRef = 0EA1AC0B2B55FA2900812FC6 /* ButtonDefault.swift */; };
		0EA1AC0E2B55FA4B00812FC6 /* TextFiledDefault.swift in Sources */ = {isa = PBXBuildFile; fileRef = 0EA1AC0D2B55FA4B00812FC6 /* TextFiledDefault.swift */; };
		0EAD8A892B0D4E2900B1038E /* LoginView.swift in Sources */ = {isa = PBXBuildFile; fileRef = 0EAD8A882B0D4E2900B1038E /* LoginView.swift */; };
		0EFE1BDD2B607ACA000D3C20 /* HomeCoordinator.swift in Sources */ = {isa = PBXBuildFile; fileRef = 0EFE1BDC2B607ACA000D3C20 /* HomeCoordinator.swift */; };
/* End PBXBuildFile section */

/* Begin PBXContainerItemProxy section */
		0E8EDDE72B0529E00059B3C9 /* PBXContainerItemProxy */ = {
			isa = PBXContainerItemProxy;
			containerPortal = 0E8EDDC82B0529DE0059B3C9 /* Project object */;
			proxyType = 1;
			remoteGlobalIDString = 0E8EDDCF2B0529DE0059B3C9;
			remoteInfo = MeusGastos;
		};
		0E8EDDF22B0529E00059B3C9 /* PBXContainerItemProxy */ = {
			isa = PBXContainerItemProxy;
			containerPortal = 0E8EDDC82B0529DE0059B3C9 /* Project object */;
			proxyType = 1;
			remoteGlobalIDString = 0E8EDDCF2B0529DE0059B3C9;
			remoteInfo = MeusGastos;
		};
/* End PBXContainerItemProxy section */

/* Begin PBXFileReference section */
		0E4728142B058CB600240361 /* Coordinator.swift */ = {isa = PBXFileReference; lastKnownFileType = sourcecode.swift; path = Coordinator.swift; sourceTree = "<group>"; };
		0E4728162B058D9800240361 /* LoginCoordinator.swift */ = {isa = PBXFileReference; lastKnownFileType = sourcecode.swift; path = LoginCoordinator.swift; sourceTree = "<group>"; };
		0E4728192B05923800240361 /* LoginViewController.swift */ = {isa = PBXFileReference; lastKnownFileType = sourcecode.swift; path = LoginViewController.swift; sourceTree = "<group>"; };
		0E7F152A2B62FCBD00365A39 /* ViewInputOutputDefault.swift */ = {isa = PBXFileReference; lastKnownFileType = sourcecode.swift; path = ViewInputOutputDefault.swift; sourceTree = "<group>"; };
		0E7F152D2B631B0C00365A39 /* Color+.swift */ = {isa = PBXFileReference; lastKnownFileType = sourcecode.swift; path = "Color+.swift"; sourceTree = "<group>"; };
		0E8751BE2B607D7D001CDE6D /* HomeViewController.swift */ = {isa = PBXFileReference; lastKnownFileType = sourcecode.swift; path = HomeViewController.swift; sourceTree = "<group>"; };
		0E8751C02B607D8A001CDE6D /* HomeView.swift */ = {isa = PBXFileReference; lastKnownFileType = sourcecode.swift; path = HomeView.swift; sourceTree = "<group>"; };
		0E8A01062B6710AA0014EDCA /* CategoryModel.swift */ = {isa = PBXFileReference; lastKnownFileType = sourcecode.swift; path = CategoryModel.swift; sourceTree = "<group>"; };
		0E8A01082B6719A40014EDCA /* CategoryViewModel.swift */ = {isa = PBXFileReference; lastKnownFileType = sourcecode.swift; path = CategoryViewModel.swift; sourceTree = "<group>"; };
		0E8A010A2B671BF40014EDCA /* String+.swift */ = {isa = PBXFileReference; lastKnownFileType = sourcecode.swift; path = "String+.swift"; sourceTree = "<group>"; };
		0E8A010C2B671F6B0014EDCA /* TransactionModel.swift */ = {isa = PBXFileReference; lastKnownFileType = sourcecode.swift; path = TransactionModel.swift; sourceTree = "<group>"; };
		0E8A010E2B6720160014EDCA /* TransactionViewModel.swift */ = {isa = PBXFileReference; lastKnownFileType = sourcecode.swift; path = TransactionViewModel.swift; sourceTree = "<group>"; };
		0E8EDDD02B0529DE0059B3C9 /* MeusGastos.app */ = {isa = PBXFileReference; explicitFileType = wrapper.application; includeInIndex = 0; path = MeusGastos.app; sourceTree = BUILT_PRODUCTS_DIR; };
		0E8EDDD32B0529DE0059B3C9 /* AppDelegate.swift */ = {isa = PBXFileReference; lastKnownFileType = sourcecode.swift; path = AppDelegate.swift; sourceTree = "<group>"; };
		0E8EDDD52B0529DE0059B3C9 /* SceneDelegate.swift */ = {isa = PBXFileReference; lastKnownFileType = sourcecode.swift; path = SceneDelegate.swift; sourceTree = "<group>"; };
		0E8EDDDC2B0529E00059B3C9 /* Assets.xcassets */ = {isa = PBXFileReference; lastKnownFileType = folder.assetcatalog; path = Assets.xcassets; sourceTree = "<group>"; };
		0E8EDDDF2B0529E00059B3C9 /* Base */ = {isa = PBXFileReference; lastKnownFileType = file.storyboard; name = Base; path = Base.lproj/LaunchScreen.storyboard; sourceTree = "<group>"; };
		0E8EDDE12B0529E00059B3C9 /* Info.plist */ = {isa = PBXFileReference; lastKnownFileType = text.plist.xml; path = Info.plist; sourceTree = "<group>"; };
		0E8EDDE62B0529E00059B3C9 /* MeusGastosTests.xctest */ = {isa = PBXFileReference; explicitFileType = wrapper.cfbundle; includeInIndex = 0; path = MeusGastosTests.xctest; sourceTree = BUILT_PRODUCTS_DIR; };
		0E8EDDEA2B0529E00059B3C9 /* MeusGastosTests.swift */ = {isa = PBXFileReference; lastKnownFileType = sourcecode.swift; path = MeusGastosTests.swift; sourceTree = "<group>"; };
		0E8EDDEC2B0529E00059B3C9 /* Info.plist */ = {isa = PBXFileReference; lastKnownFileType = text.plist.xml; path = Info.plist; sourceTree = "<group>"; };
		0E8EDDF12B0529E00059B3C9 /* MeusGastosUITests.xctest */ = {isa = PBXFileReference; explicitFileType = wrapper.cfbundle; includeInIndex = 0; path = MeusGastosUITests.xctest; sourceTree = BUILT_PRODUCTS_DIR; };
		0E8EDDF52B0529E00059B3C9 /* MeusGastosUITests.swift */ = {isa = PBXFileReference; lastKnownFileType = sourcecode.swift; path = MeusGastosUITests.swift; sourceTree = "<group>"; };
		0E8EDDF72B0529E00059B3C9 /* Info.plist */ = {isa = PBXFileReference; lastKnownFileType = text.plist.xml; path = Info.plist; sourceTree = "<group>"; };
		0E901DBC2B572917000B6A04 /* ViewControllerDefault.swift */ = {isa = PBXFileReference; lastKnownFileType = sourcecode.swift; path = ViewControllerDefault.swift; sourceTree = "<group>"; };
		0E901DBE2B573A8D000B6A04 /* RegisterCoordinator.swift */ = {isa = PBXFileReference; lastKnownFileType = sourcecode.swift; path = RegisterCoordinator.swift; sourceTree = "<group>"; };
		0E901DC12B573BBA000B6A04 /* RegisterViewController.swift */ = {isa = PBXFileReference; lastKnownFileType = sourcecode.swift; path = RegisterViewController.swift; sourceTree = "<group>"; };
		0E901DC32B573C4D000B6A04 /* RegisterView.swift */ = {isa = PBXFileReference; lastKnownFileType = sourcecode.swift; path = RegisterView.swift; sourceTree = "<group>"; };
		0EA1AC032B55E31100812FC6 /* LabelDefault.swift */ = {isa = PBXFileReference; lastKnownFileType = sourcecode.swift; path = LabelDefault.swift; sourceTree = "<group>"; };
		0EA1AC0B2B55FA2900812FC6 /* ButtonDefault.swift */ = {isa = PBXFileReference; lastKnownFileType = sourcecode.swift; path = ButtonDefault.swift; sourceTree = "<group>"; };
		0EA1AC0D2B55FA4B00812FC6 /* TextFiledDefault.swift */ = {isa = PBXFileReference; lastKnownFileType = sourcecode.swift; path = TextFiledDefault.swift; sourceTree = "<group>"; };
		0EAD8A882B0D4E2900B1038E /* LoginView.swift */ = {isa = PBXFileReference; lastKnownFileType = sourcecode.swift; path = LoginView.swift; sourceTree = "<group>"; };
		0EFE1BDC2B607ACA000D3C20 /* HomeCoordinator.swift */ = {isa = PBXFileReference; lastKnownFileType = sourcecode.swift; path = HomeCoordinator.swift; sourceTree = "<group>"; };
/* End PBXFileReference section */

/* Begin PBXFrameworksBuildPhase section */
		0E8EDDCD2B0529DE0059B3C9 /* Frameworks */ = {
			isa = PBXFrameworksBuildPhase;
			buildActionMask = 2147483647;
			files = (
			);
			runOnlyForDeploymentPostprocessing = 0;
		};
		0E8EDDE32B0529E00059B3C9 /* Frameworks */ = {
			isa = PBXFrameworksBuildPhase;
			buildActionMask = 2147483647;
			files = (
			);
			runOnlyForDeploymentPostprocessing = 0;
		};
		0E8EDDEE2B0529E00059B3C9 /* Frameworks */ = {
			isa = PBXFrameworksBuildPhase;
			buildActionMask = 2147483647;
			files = (
			);
			runOnlyForDeploymentPostprocessing = 0;
		};
/* End PBXFrameworksBuildPhase section */

/* Begin PBXGroup section */
		0E4728112B058C3800240361 /* Sources */ = {
			isa = PBXGroup;
			children = (
				0E8A01032B67101C0014EDCA /* API */,
				0E4728122B058C4600240361 /* Coordinator */,
				0EA1AC012B55E26400812FC6 /* Infrastructure */,
				0E4728132B058C5700240361 /* ViewControllers */,
			);
			path = Sources;
			sourceTree = "<group>";
		};
		0E4728122B058C4600240361 /* Coordinator */ = {
			isa = PBXGroup;
			children = (
				0E4728142B058CB600240361 /* Coordinator.swift */,
				0E4728162B058D9800240361 /* LoginCoordinator.swift */,
				0E901DBE2B573A8D000B6A04 /* RegisterCoordinator.swift */,
				0EFE1BDC2B607ACA000D3C20 /* HomeCoordinator.swift */,
			);
			path = Coordinator;
			sourceTree = "<group>";
		};
		0E4728132B058C5700240361 /* ViewControllers */ = {
			isa = PBXGroup;
			children = (
				0E8751BD2B607D5A001CDE6D /* Home */,
				0E4728182B05902700240361 /* Login */,
				0E901DC02B573B97000B6A04 /* Register */,
			);
			path = ViewControllers;
			sourceTree = "<group>";
		};
		0E4728182B05902700240361 /* Login */ = {
			isa = PBXGroup;
			children = (
				0E4728192B05923800240361 /* LoginViewController.swift */,
				0EAD8A882B0D4E2900B1038E /* LoginView.swift */,
			);
			path = Login;
			sourceTree = "<group>";
		};
		0E7F152C2B631AED00365A39 /* Extensions */ = {
			isa = PBXGroup;
			children = (
				0E7F152D2B631B0C00365A39 /* Color+.swift */,
				0E8A010A2B671BF40014EDCA /* String+.swift */,
			);
			path = Extensions;
			sourceTree = "<group>";
		};
		0E8751BD2B607D5A001CDE6D /* Home */ = {
			isa = PBXGroup;
			children = (
				0E8751BE2B607D7D001CDE6D /* HomeViewController.swift */,
				0E8751C02B607D8A001CDE6D /* HomeView.swift */,
			);
			path = Home;
			sourceTree = "<group>";
		};
		0E8A01032B67101C0014EDCA /* API */ = {
			isa = PBXGroup;
			children = (
				0E8A01052B67103A0014EDCA /* ViewModel */,
				0E8A01042B6710330014EDCA /* Model */,
			);
			path = API;
			sourceTree = "<group>";
		};
		0E8A01042B6710330014EDCA /* Model */ = {
			isa = PBXGroup;
			children = (
				0E8A01062B6710AA0014EDCA /* CategoryModel.swift */,
				0E8A010C2B671F6B0014EDCA /* TransactionModel.swift */,
			);
			path = Model;
			sourceTree = "<group>";
		};
		0E8A01052B67103A0014EDCA /* ViewModel */ = {
			isa = PBXGroup;
			children = (
				0E8A01082B6719A40014EDCA /* CategoryViewModel.swift */,
				0E8A010E2B6720160014EDCA /* TransactionViewModel.swift */,
			);
			path = ViewModel;
			sourceTree = "<group>";
		};
		0E8EDDC72B0529DE0059B3C9 = {
			isa = PBXGroup;
			children = (
				0E8EDDD22B0529DE0059B3C9 /* MeusGastos */,
				0E4728112B058C3800240361 /* Sources */,
				0E8EDDE92B0529E00059B3C9 /* MeusGastosTests */,
				0E8EDDF42B0529E00059B3C9 /* MeusGastosUITests */,
				0E8EDDD12B0529DE0059B3C9 /* Products */,
			);
			sourceTree = "<group>";
		};
		0E8EDDD12B0529DE0059B3C9 /* Products */ = {
			isa = PBXGroup;
			children = (
				0E8EDDD02B0529DE0059B3C9 /* MeusGastos.app */,
				0E8EDDE62B0529E00059B3C9 /* MeusGastosTests.xctest */,
				0E8EDDF12B0529E00059B3C9 /* MeusGastosUITests.xctest */,
			);
			name = Products;
			sourceTree = "<group>";
		};
		0E8EDDD22B0529DE0059B3C9 /* MeusGastos */ = {
			isa = PBXGroup;
			children = (
				0E8EDDD32B0529DE0059B3C9 /* AppDelegate.swift */,
				0E8EDDD52B0529DE0059B3C9 /* SceneDelegate.swift */,
				0E8EDDDC2B0529E00059B3C9 /* Assets.xcassets */,
				0E8EDDDE2B0529E00059B3C9 /* LaunchScreen.storyboard */,
				0E8EDDE12B0529E00059B3C9 /* Info.plist */,
			);
			path = MeusGastos;
			sourceTree = "<group>";
		};
		0E8EDDE92B0529E00059B3C9 /* MeusGastosTests */ = {
			isa = PBXGroup;
			children = (
				0E8EDDEA2B0529E00059B3C9 /* MeusGastosTests.swift */,
				0E8EDDEC2B0529E00059B3C9 /* Info.plist */,
			);
			path = MeusGastosTests;
			sourceTree = "<group>";
		};
		0E8EDDF42B0529E00059B3C9 /* MeusGastosUITests */ = {
			isa = PBXGroup;
			children = (
				0E8EDDF52B0529E00059B3C9 /* MeusGastosUITests.swift */,
				0E8EDDF72B0529E00059B3C9 /* Info.plist */,
			);
			path = MeusGastosUITests;
			sourceTree = "<group>";
		};
		0E901DC02B573B97000B6A04 /* Register */ = {
			isa = PBXGroup;
			children = (
				0E901DC12B573BBA000B6A04 /* RegisterViewController.swift */,
				0E901DC32B573C4D000B6A04 /* RegisterView.swift */,
			);
			path = Register;
			sourceTree = "<group>";
		};
		0EA1AC012B55E26400812FC6 /* Infrastructure */ = {
			isa = PBXGroup;
			children = (
				0E7F152C2B631AED00365A39 /* Extensions */,
				0EA1AC022B55E2E300812FC6 /* Components */,
			);
			path = Infrastructure;
			sourceTree = "<group>";
		};
		0EA1AC022B55E2E300812FC6 /* Components */ = {
			isa = PBXGroup;
			children = (
				0EA1AC032B55E31100812FC6 /* LabelDefault.swift */,
				0EA1AC0B2B55FA2900812FC6 /* ButtonDefault.swift */,
				0EA1AC0D2B55FA4B00812FC6 /* TextFiledDefault.swift */,
				0E901DBC2B572917000B6A04 /* ViewControllerDefault.swift */,
				0E7F152A2B62FCBD00365A39 /* ViewInputOutputDefault.swift */,
			);
			path = Components;
			sourceTree = "<group>";
		};
/* End PBXGroup section */

/* Begin PBXNativeTarget section */
		0E8EDDCF2B0529DE0059B3C9 /* MeusGastos */ = {
			isa = PBXNativeTarget;
			buildConfigurationList = 0E8EDDFA2B0529E00059B3C9 /* Build configuration list for PBXNativeTarget "MeusGastos" */;
			buildPhases = (
				0E8EDDCC2B0529DE0059B3C9 /* Sources */,
				0E8EDDCD2B0529DE0059B3C9 /* Frameworks */,
				0E8EDDCE2B0529DE0059B3C9 /* Resources */,
			);
			buildRules = (
			);
			dependencies = (
			);
			name = MeusGastos;
			productName = MeusGastos;
			productReference = 0E8EDDD02B0529DE0059B3C9 /* MeusGastos.app */;
			productType = "com.apple.product-type.application";
		};
		0E8EDDE52B0529E00059B3C9 /* MeusGastosTests */ = {
			isa = PBXNativeTarget;
			buildConfigurationList = 0E8EDDFD2B0529E00059B3C9 /* Build configuration list for PBXNativeTarget "MeusGastosTests" */;
			buildPhases = (
				0E8EDDE22B0529E00059B3C9 /* Sources */,
				0E8EDDE32B0529E00059B3C9 /* Frameworks */,
				0E8EDDE42B0529E00059B3C9 /* Resources */,
			);
			buildRules = (
			);
			dependencies = (
				0E8EDDE82B0529E00059B3C9 /* PBXTargetDependency */,
			);
			name = MeusGastosTests;
			productName = MeusGastosTests;
			productReference = 0E8EDDE62B0529E00059B3C9 /* MeusGastosTests.xctest */;
			productType = "com.apple.product-type.bundle.unit-test";
		};
		0E8EDDF02B0529E00059B3C9 /* MeusGastosUITests */ = {
			isa = PBXNativeTarget;
			buildConfigurationList = 0E8EDE002B0529E00059B3C9 /* Build configuration list for PBXNativeTarget "MeusGastosUITests" */;
			buildPhases = (
				0E8EDDED2B0529E00059B3C9 /* Sources */,
				0E8EDDEE2B0529E00059B3C9 /* Frameworks */,
				0E8EDDEF2B0529E00059B3C9 /* Resources */,
			);
			buildRules = (
			);
			dependencies = (
				0E8EDDF32B0529E00059B3C9 /* PBXTargetDependency */,
			);
			name = MeusGastosUITests;
			productName = MeusGastosUITests;
			productReference = 0E8EDDF12B0529E00059B3C9 /* MeusGastosUITests.xctest */;
			productType = "com.apple.product-type.bundle.ui-testing";
		};
/* End PBXNativeTarget section */

/* Begin PBXProject section */
		0E8EDDC82B0529DE0059B3C9 /* Project object */ = {
			isa = PBXProject;
			attributes = {
				LastSwiftUpdateCheck = 1240;
				LastUpgradeCheck = 1240;
				TargetAttributes = {
					0E8EDDCF2B0529DE0059B3C9 = {
						CreatedOnToolsVersion = 12.4;
					};
					0E8EDDE52B0529E00059B3C9 = {
						CreatedOnToolsVersion = 12.4;
						TestTargetID = 0E8EDDCF2B0529DE0059B3C9;
					};
					0E8EDDF02B0529E00059B3C9 = {
						CreatedOnToolsVersion = 12.4;
						TestTargetID = 0E8EDDCF2B0529DE0059B3C9;
					};
				};
			};
			buildConfigurationList = 0E8EDDCB2B0529DE0059B3C9 /* Build configuration list for PBXProject "MeusGastos" */;
			compatibilityVersion = "Xcode 9.3";
			developmentRegion = en;
			hasScannedForEncodings = 0;
			knownRegions = (
				en,
				Base,
			);
			mainGroup = 0E8EDDC72B0529DE0059B3C9;
			productRefGroup = 0E8EDDD12B0529DE0059B3C9 /* Products */;
			projectDirPath = "";
			projectRoot = "";
			targets = (
				0E8EDDCF2B0529DE0059B3C9 /* MeusGastos */,
				0E8EDDE52B0529E00059B3C9 /* MeusGastosTests */,
				0E8EDDF02B0529E00059B3C9 /* MeusGastosUITests */,
			);
		};
/* End PBXProject section */

/* Begin PBXResourcesBuildPhase section */
		0E8EDDCE2B0529DE0059B3C9 /* Resources */ = {
			isa = PBXResourcesBuildPhase;
			buildActionMask = 2147483647;
			files = (
				0E8EDDE02B0529E00059B3C9 /* LaunchScreen.storyboard in Resources */,
				0E8EDDDD2B0529E00059B3C9 /* Assets.xcassets in Resources */,
			);
			runOnlyForDeploymentPostprocessing = 0;
		};
		0E8EDDE42B0529E00059B3C9 /* Resources */ = {
			isa = PBXResourcesBuildPhase;
			buildActionMask = 2147483647;
			files = (
			);
			runOnlyForDeploymentPostprocessing = 0;
		};
		0E8EDDEF2B0529E00059B3C9 /* Resources */ = {
			isa = PBXResourcesBuildPhase;
			buildActionMask = 2147483647;
			files = (
			);
			runOnlyForDeploymentPostprocessing = 0;
		};
/* End PBXResourcesBuildPhase section */

/* Begin PBXSourcesBuildPhase section */
		0E8EDDCC2B0529DE0059B3C9 /* Sources */ = {
			isa = PBXSourcesBuildPhase;
			buildActionMask = 2147483647;
			files = (
				0EAD8A892B0D4E2900B1038E /* LoginView.swift in Sources */,
				0E7F152E2B631B0C00365A39 /* Color+.swift in Sources */,
				0E8EDDD42B0529DE0059B3C9 /* AppDelegate.swift in Sources */,
				0E901DC42B573C4D000B6A04 /* RegisterView.swift in Sources */,
				0E901DBF2B573A8D000B6A04 /* RegisterCoordinator.swift in Sources */,
				0E901DC22B573BBA000B6A04 /* RegisterViewController.swift in Sources */,
				0E8751BF2B607D7D001CDE6D /* HomeViewController.swift in Sources */,
				0EFE1BDD2B607ACA000D3C20 /* HomeCoordinator.swift in Sources */,
				0E901DBD2B572917000B6A04 /* ViewControllerDefault.swift in Sources */,
				0E7F152B2B62FCBD00365A39 /* ViewInputOutputDefault.swift in Sources */,
				0E8A010F2B6720160014EDCA /* TransactionViewModel.swift in Sources */,
				0EA1AC0E2B55FA4B00812FC6 /* TextFiledDefault.swift in Sources */,
				0E8EDDD62B0529DE0059B3C9 /* SceneDelegate.swift in Sources */,
				0E8A010D2B671F6B0014EDCA /* TransactionModel.swift in Sources */,
				0E8A01092B6719A40014EDCA /* CategoryViewModel.swift in Sources */,
				0E4728172B058D9800240361 /* LoginCoordinator.swift in Sources */,
				0E47281A2B05923800240361 /* LoginViewController.swift in Sources */,
				0EA1AC042B55E31100812FC6 /* LabelDefault.swift in Sources */,
				0E8751C12B607D8A001CDE6D /* HomeView.swift in Sources */,
				0E8A01072B6710AA0014EDCA /* CategoryModel.swift in Sources */,
				0E4728152B058CB600240361 /* Coordinator.swift in Sources */,
				0E8A010B2B671BF40014EDCA /* String+.swift in Sources */,
				0EA1AC0C2B55FA2900812FC6 /* ButtonDefault.swift in Sources */,
			);
			runOnlyForDeploymentPostprocessing = 0;
		};
		0E8EDDE22B0529E00059B3C9 /* Sources */ = {
			isa = PBXSourcesBuildPhase;
			buildActionMask = 2147483647;
			files = (
				0E8EDDEB2B0529E00059B3C9 /* MeusGastosTests.swift in Sources */,
			);
			runOnlyForDeploymentPostprocessing = 0;
		};
		0E8EDDED2B0529E00059B3C9 /* Sources */ = {
			isa = PBXSourcesBuildPhase;
			buildActionMask = 2147483647;
			files = (
				0E8EDDF62B0529E00059B3C9 /* MeusGastosUITests.swift in Sources */,
			);
			runOnlyForDeploymentPostprocessing = 0;
		};
/* End PBXSourcesBuildPhase section */

/* Begin PBXTargetDependency section */
		0E8EDDE82B0529E00059B3C9 /* PBXTargetDependency */ = {
			isa = PBXTargetDependency;
			target = 0E8EDDCF2B0529DE0059B3C9 /* MeusGastos */;
			targetProxy = 0E8EDDE72B0529E00059B3C9 /* PBXContainerItemProxy */;
		};
		0E8EDDF32B0529E00059B3C9 /* PBXTargetDependency */ = {
			isa = PBXTargetDependency;
			target = 0E8EDDCF2B0529DE0059B3C9 /* MeusGastos */;
			targetProxy = 0E8EDDF22B0529E00059B3C9 /* PBXContainerItemProxy */;
		};
/* End PBXTargetDependency section */

/* Begin PBXVariantGroup section */
		0E8EDDDE2B0529E00059B3C9 /* LaunchScreen.storyboard */ = {
			isa = PBXVariantGroup;
			children = (
				0E8EDDDF2B0529E00059B3C9 /* Base */,
			);
			name = LaunchScreen.storyboard;
			sourceTree = "<group>";
		};
/* End PBXVariantGroup section */

/* Begin XCBuildConfiguration section */
		0E8EDDF82B0529E00059B3C9 /* Debug */ = {
			isa = XCBuildConfiguration;
			buildSettings = {
				ALWAYS_SEARCH_USER_PATHS = NO;
				CLANG_ANALYZER_NONNULL = YES;
				CLANG_ANALYZER_NUMBER_OBJECT_CONVERSION = YES_AGGRESSIVE;
				CLANG_CXX_LANGUAGE_STANDARD = "gnu++14";
				CLANG_CXX_LIBRARY = "libc++";
				CLANG_ENABLE_MODULES = YES;
				CLANG_ENABLE_OBJC_ARC = YES;
				CLANG_ENABLE_OBJC_WEAK = YES;
				CLANG_WARN_BLOCK_CAPTURE_AUTORELEASING = YES;
				CLANG_WARN_BOOL_CONVERSION = YES;
				CLANG_WARN_COMMA = YES;
				CLANG_WARN_CONSTANT_CONVERSION = YES;
				CLANG_WARN_DEPRECATED_OBJC_IMPLEMENTATIONS = YES;
				CLANG_WARN_DIRECT_OBJC_ISA_USAGE = YES_ERROR;
				CLANG_WARN_DOCUMENTATION_COMMENTS = YES;
				CLANG_WARN_EMPTY_BODY = YES;
				CLANG_WARN_ENUM_CONVERSION = YES;
				CLANG_WARN_INFINITE_RECURSION = YES;
				CLANG_WARN_INT_CONVERSION = YES;
				CLANG_WARN_NON_LITERAL_NULL_CONVERSION = YES;
				CLANG_WARN_OBJC_IMPLICIT_RETAIN_SELF = YES;
				CLANG_WARN_OBJC_LITERAL_CONVERSION = YES;
				CLANG_WARN_OBJC_ROOT_CLASS = YES_ERROR;
				CLANG_WARN_QUOTED_INCLUDE_IN_FRAMEWORK_HEADER = YES;
				CLANG_WARN_RANGE_LOOP_ANALYSIS = YES;
				CLANG_WARN_STRICT_PROTOTYPES = YES;
				CLANG_WARN_SUSPICIOUS_MOVE = YES;
				CLANG_WARN_UNGUARDED_AVAILABILITY = YES_AGGRESSIVE;
				CLANG_WARN_UNREACHABLE_CODE = YES;
				CLANG_WARN__DUPLICATE_METHOD_MATCH = YES;
				COPY_PHASE_STRIP = NO;
				DEBUG_INFORMATION_FORMAT = dwarf;
				ENABLE_STRICT_OBJC_MSGSEND = YES;
				ENABLE_TESTABILITY = YES;
				GCC_C_LANGUAGE_STANDARD = gnu11;
				GCC_DYNAMIC_NO_PIC = NO;
				GCC_NO_COMMON_BLOCKS = YES;
				GCC_OPTIMIZATION_LEVEL = 0;
				GCC_PREPROCESSOR_DEFINITIONS = (
					"DEBUG=1",
					"$(inherited)",
				);
				GCC_WARN_64_TO_32_BIT_CONVERSION = YES;
				GCC_WARN_ABOUT_RETURN_TYPE = YES_ERROR;
				GCC_WARN_UNDECLARED_SELECTOR = YES;
				GCC_WARN_UNINITIALIZED_AUTOS = YES_AGGRESSIVE;
				GCC_WARN_UNUSED_FUNCTION = YES;
				GCC_WARN_UNUSED_VARIABLE = YES;
				IPHONEOS_DEPLOYMENT_TARGET = 14.4;
				MTL_ENABLE_DEBUG_INFO = INCLUDE_SOURCE;
				MTL_FAST_MATH = YES;
				ONLY_ACTIVE_ARCH = YES;
				SDKROOT = iphoneos;
				SWIFT_ACTIVE_COMPILATION_CONDITIONS = DEBUG;
				SWIFT_OPTIMIZATION_LEVEL = "-Onone";
			};
			name = Debug;
		};
		0E8EDDF92B0529E00059B3C9 /* Release */ = {
			isa = XCBuildConfiguration;
			buildSettings = {
				ALWAYS_SEARCH_USER_PATHS = NO;
				CLANG_ANALYZER_NONNULL = YES;
				CLANG_ANALYZER_NUMBER_OBJECT_CONVERSION = YES_AGGRESSIVE;
				CLANG_CXX_LANGUAGE_STANDARD = "gnu++14";
				CLANG_CXX_LIBRARY = "libc++";
				CLANG_ENABLE_MODULES = YES;
				CLANG_ENABLE_OBJC_ARC = YES;
				CLANG_ENABLE_OBJC_WEAK = YES;
				CLANG_WARN_BLOCK_CAPTURE_AUTORELEASING = YES;
				CLANG_WARN_BOOL_CONVERSION = YES;
				CLANG_WARN_COMMA = YES;
				CLANG_WARN_CONSTANT_CONVERSION = YES;
				CLANG_WARN_DEPRECATED_OBJC_IMPLEMENTATIONS = YES;
				CLANG_WARN_DIRECT_OBJC_ISA_USAGE = YES_ERROR;
				CLANG_WARN_DOCUMENTATION_COMMENTS = YES;
				CLANG_WARN_EMPTY_BODY = YES;
				CLANG_WARN_ENUM_CONVERSION = YES;
				CLANG_WARN_INFINITE_RECURSION = YES;
				CLANG_WARN_INT_CONVERSION = YES;
				CLANG_WARN_NON_LITERAL_NULL_CONVERSION = YES;
				CLANG_WARN_OBJC_IMPLICIT_RETAIN_SELF = YES;
				CLANG_WARN_OBJC_LITERAL_CONVERSION = YES;
				CLANG_WARN_OBJC_ROOT_CLASS = YES_ERROR;
				CLANG_WARN_QUOTED_INCLUDE_IN_FRAMEWORK_HEADER = YES;
				CLANG_WARN_RANGE_LOOP_ANALYSIS = YES;
				CLANG_WARN_STRICT_PROTOTYPES = YES;
				CLANG_WARN_SUSPICIOUS_MOVE = YES;
				CLANG_WARN_UNGUARDED_AVAILABILITY = YES_AGGRESSIVE;
				CLANG_WARN_UNREACHABLE_CODE = YES;
				CLANG_WARN__DUPLICATE_METHOD_MATCH = YES;
				COPY_PHASE_STRIP = NO;
				DEBUG_INFORMATION_FORMAT = "dwarf-with-dsym";
				ENABLE_NS_ASSERTIONS = NO;
				ENABLE_STRICT_OBJC_MSGSEND = YES;
				GCC_C_LANGUAGE_STANDARD = gnu11;
				GCC_NO_COMMON_BLOCKS = YES;
				GCC_WARN_64_TO_32_BIT_CONVERSION = YES;
				GCC_WARN_ABOUT_RETURN_TYPE = YES_ERROR;
				GCC_WARN_UNDECLARED_SELECTOR = YES;
				GCC_WARN_UNINITIALIZED_AUTOS = YES_AGGRESSIVE;
				GCC_WARN_UNUSED_FUNCTION = YES;
				GCC_WARN_UNUSED_VARIABLE = YES;
				IPHONEOS_DEPLOYMENT_TARGET = 14.4;
				MTL_ENABLE_DEBUG_INFO = NO;
				MTL_FAST_MATH = YES;
				SDKROOT = iphoneos;
				SWIFT_COMPILATION_MODE = wholemodule;
				SWIFT_OPTIMIZATION_LEVEL = "-O";
				VALIDATE_PRODUCT = YES;
			};
			name = Release;
		};
		0E8EDDFB2B0529E00059B3C9 /* Debug */ = {
			isa = XCBuildConfiguration;
			buildSettings = {
				ASSETCATALOG_COMPILER_APPICON_NAME = AppIcon;
				ASSETCATALOG_COMPILER_GLOBAL_ACCENT_COLOR_NAME = AccentColor;
				CODE_SIGN_STYLE = Automatic;
				INFOPLIST_FILE = MeusGastos/Info.plist;
				LD_RUNPATH_SEARCH_PATHS = (
					"$(inherited)",
					"@executable_path/Frameworks",
				);
				PRODUCT_BUNDLE_IDENTIFIER = com.alanpitanga.MeusGastos;
				PRODUCT_NAME = "$(TARGET_NAME)";
				SWIFT_VERSION = 5.0;
				TARGETED_DEVICE_FAMILY = "1,2";
			};
			name = Debug;
		};
		0E8EDDFC2B0529E00059B3C9 /* Release */ = {
			isa = XCBuildConfiguration;
			buildSettings = {
				ASSETCATALOG_COMPILER_APPICON_NAME = AppIcon;
				ASSETCATALOG_COMPILER_GLOBAL_ACCENT_COLOR_NAME = AccentColor;
				CODE_SIGN_STYLE = Automatic;
				INFOPLIST_FILE = MeusGastos/Info.plist;
				LD_RUNPATH_SEARCH_PATHS = (
					"$(inherited)",
					"@executable_path/Frameworks",
				);
				PRODUCT_BUNDLE_IDENTIFIER = com.alanpitanga.MeusGastos;
				PRODUCT_NAME = "$(TARGET_NAME)";
				SWIFT_VERSION = 5.0;
				TARGETED_DEVICE_FAMILY = "1,2";
			};
			name = Release;
		};
		0E8EDDFE2B0529E00059B3C9 /* Debug */ = {
			isa = XCBuildConfiguration;
			buildSettings = {
				ALWAYS_EMBED_SWIFT_STANDARD_LIBRARIES = YES;
				BUNDLE_LOADER = "$(TEST_HOST)";
				CODE_SIGN_STYLE = Automatic;
				INFOPLIST_FILE = MeusGastosTests/Info.plist;
				IPHONEOS_DEPLOYMENT_TARGET = 14.4;
				LD_RUNPATH_SEARCH_PATHS = (
					"$(inherited)",
					"@executable_path/Frameworks",
					"@loader_path/Frameworks",
				);
				PRODUCT_BUNDLE_IDENTIFIER = com.alanpitanga.MeusGastosTests;
				PRODUCT_NAME = "$(TARGET_NAME)";
				SWIFT_VERSION = 5.0;
				TARGETED_DEVICE_FAMILY = "1,2";
				TEST_HOST = "$(BUILT_PRODUCTS_DIR)/MeusGastos.app/MeusGastos";
			};
			name = Debug;
		};
		0E8EDDFF2B0529E00059B3C9 /* Release */ = {
			isa = XCBuildConfiguration;
			buildSettings = {
				ALWAYS_EMBED_SWIFT_STANDARD_LIBRARIES = YES;
				BUNDLE_LOADER = "$(TEST_HOST)";
				CODE_SIGN_STYLE = Automatic;
				INFOPLIST_FILE = MeusGastosTests/Info.plist;
				IPHONEOS_DEPLOYMENT_TARGET = 14.4;
				LD_RUNPATH_SEARCH_PATHS = (
					"$(inherited)",
					"@executable_path/Frameworks",
					"@loader_path/Frameworks",
				);
				PRODUCT_BUNDLE_IDENTIFIER = com.alanpitanga.MeusGastosTests;
				PRODUCT_NAME = "$(TARGET_NAME)";
				SWIFT_VERSION = 5.0;
				TARGETED_DEVICE_FAMILY = "1,2";
				TEST_HOST = "$(BUILT_PRODUCTS_DIR)/MeusGastos.app/MeusGastos";
			};
			name = Release;
		};
		0E8EDE012B0529E00059B3C9 /* Debug */ = {
			isa = XCBuildConfiguration;
			buildSettings = {
				ALWAYS_EMBED_SWIFT_STANDARD_LIBRARIES = YES;
				CODE_SIGN_STYLE = Automatic;
				INFOPLIST_FILE = MeusGastosUITests/Info.plist;
				LD_RUNPATH_SEARCH_PATHS = (
					"$(inherited)",
					"@executable_path/Frameworks",
					"@loader_path/Frameworks",
				);
				PRODUCT_BUNDLE_IDENTIFIER = com.alanpitanga.MeusGastosUITests;
				PRODUCT_NAME = "$(TARGET_NAME)";
				SWIFT_VERSION = 5.0;
				TARGETED_DEVICE_FAMILY = "1,2";
				TEST_TARGET_NAME = MeusGastos;
			};
			name = Debug;
		};
		0E8EDE022B0529E00059B3C9 /* Release */ = {
			isa = XCBuildConfiguration;
			buildSettings = {
				ALWAYS_EMBED_SWIFT_STANDARD_LIBRARIES = YES;
				CODE_SIGN_STYLE = Automatic;
				INFOPLIST_FILE = MeusGastosUITests/Info.plist;
				LD_RUNPATH_SEARCH_PATHS = (
					"$(inherited)",
					"@executable_path/Frameworks",
					"@loader_path/Frameworks",
				);
				PRODUCT_BUNDLE_IDENTIFIER = com.alanpitanga.MeusGastosUITests;
				PRODUCT_NAME = "$(TARGET_NAME)";
				SWIFT_VERSION = 5.0;
				TARGETED_DEVICE_FAMILY = "1,2";
				TEST_TARGET_NAME = MeusGastos;
			};
			name = Release;
		};
/* End XCBuildConfiguration section */

/* Begin XCConfigurationList section */
		0E8EDDCB2B0529DE0059B3C9 /* Build configuration list for PBXProject "MeusGastos" */ = {
			isa = XCConfigurationList;
			buildConfigurations = (
				0E8EDDF82B0529E00059B3C9 /* Debug */,
				0E8EDDF92B0529E00059B3C9 /* Release */,
			);
			defaultConfigurationIsVisible = 0;
			defaultConfigurationName = Release;
		};
		0E8EDDFA2B0529E00059B3C9 /* Build configuration list for PBXNativeTarget "MeusGastos" */ = {
			isa = XCConfigurationList;
			buildConfigurations = (
				0E8EDDFB2B0529E00059B3C9 /* Debug */,
				0E8EDDFC2B0529E00059B3C9 /* Release */,
			);
			defaultConfigurationIsVisible = 0;
			defaultConfigurationName = Release;
		};
		0E8EDDFD2B0529E00059B3C9 /* Build configuration list for PBXNativeTarget "MeusGastosTests" */ = {
			isa = XCConfigurationList;
			buildConfigurations = (
				0E8EDDFE2B0529E00059B3C9 /* Debug */,
				0E8EDDFF2B0529E00059B3C9 /* Release */,
			);
			defaultConfigurationIsVisible = 0;
			defaultConfigurationName = Release;
		};
		0E8EDE002B0529E00059B3C9 /* Build configuration list for PBXNativeTarget "MeusGastosUITests" */ = {
			isa = XCConfigurationList;
			buildConfigurations = (
				0E8EDE012B0529E00059B3C9 /* Debug */,
				0E8EDE022B0529E00059B3C9 /* Release */,
			);
			defaultConfigurationIsVisible = 0;
			defaultConfigurationName = Release;
		};
/* End XCConfigurationList section */
	};
	rootObject = 0E8EDDC82B0529DE0059B3C9 /* Project object */;
}
